
Microsoft Visual Studio Solution File, Format Version 12.00
# Visual Studio Version 16
VisualStudioVersion = 16.0.30804.86
MinimumVisualStudioVersion = 10.0.40219.1
Project("{FAE04EC0-301F-11D3-BF4B-00C04F79EFBC}") = "EStoreDomain", "EStoreDomain\EStoreDomain.csproj", "{40500C48-6B36-4161-89A4-45AF61014EBC}"
EndProject
Project("{FAE04EC0-301F-11D3-BF4B-00C04F79EFBC}") = "EStoreAPI", "EStoreAPI\EStoreAPI.csproj", "{22042B15-6AC0-43E2-8D02-1CFD400D8DED}"
EndProject
Global
	GlobalSection(SolutionConfigurationPlatforms) = preSolution
		Debug|Any CPU = Debug|Any CPU
		Release|Any CPU = Release|Any CPU
	EndGlobalSection
	GlobalSection(ProjectConfigurationPlatforms) = postSolution
		{40500C48-6B36-4161-89A4-45AF61014EBC}.Debug|Any CPU.ActiveCfg = Debug|Any CPU
		{40500C48-6B36-4161-89A4-45AF61014EBC}.Debug|Any CPU.Build.0 = Debug|Any CPU
		{40500C48-6B36-4161-89A4-45AF61014EBC}.Release|Any CPU.ActiveCfg = Release|Any CPU
		{40500C48-6B36-4161-89A4-45AF61014EBC}.Release|Any CPU.Build.0 = Release|Any CPU
		{22042B15-6AC0-43E2-8D02-1CFD400D8DED}.Debug|Any CPU.ActiveCfg = Debug|Any CPU
		{22042B15-6AC0-43E2-8D02-1CFD400D8DED}.Debug|Any CPU.Build.0 = Debug|Any CPU
		{22042B15-6AC0-43E2-8D02-1CFD400D8DED}.Release|Any CPU.ActiveCfg = Release|Any CPU
		{22042B15-6AC0-43E2-8D02-1CFD400D8DED}.Release|Any CPU.Build.0 = Release|Any CPU
	EndGlobalSection
	GlobalSection(SolutionProperties) = preSolution
		HideSolutionNode = FALSE
	EndGlobalSection
	GlobalSection(ExtensibilityGlobals) = postSolution
		SolutionGuid = {566A01FE-96D7-494A-9C43-0EB9FBD8F1A2}
	EndGlobalSection
EndGlobal
