
Microsoft Visual Studio Solution File, Format Version 12.00
# Visual Studio Version 16
VisualStudioVersion = 16.0.30804.86
MinimumVisualStudioVersion = 10.0.40219.1
Project("{F2A71F9B-5D33-465A-A702-920D77279786}") = "EStoreAPI", "EStoreAPI\EStoreAPI.fsproj", "{A0F5B4DA-3CFB-4FF7-A9E8-83DCBB691CD9}"
EndProject
Project("{FAE04EC0-301F-11D3-BF4B-00C04F79EFBC}") = "EStoreDomain", "EStoreDomain\EStoreDomain.csproj", "{40500C48-6B36-4161-89A4-45AF61014EBC}"
EndProject
Global
	GlobalSection(SolutionConfigurationPlatforms) = preSolution
		Debug|Any CPU = Debug|Any CPU
		Release|Any CPU = Release|Any CPU
	EndGlobalSection
	GlobalSection(ProjectConfigurationPlatforms) = postSolution
		{A0F5B4DA-3CFB-4FF7-A9E8-83DCBB691CD9}.Debug|Any CPU.ActiveCfg = Debug|Any CPU
		{A0F5B4DA-3CFB-4FF7-A9E8-83DCBB691CD9}.Debug|Any CPU.Build.0 = Debug|Any CPU
		{A0F5B4DA-3CFB-4FF7-A9E8-83DCBB691CD9}.Release|Any CPU.ActiveCfg = Release|Any CPU
		{A0F5B4DA-3CFB-4FF7-A9E8-83DCBB691CD9}.Release|Any CPU.Build.0 = Release|Any CPU
		{40500C48-6B36-4161-89A4-45AF61014EBC}.Debug|Any CPU.ActiveCfg = Debug|Any CPU
		{40500C48-6B36-4161-89A4-45AF61014EBC}.Debug|Any CPU.Build.0 = Debug|Any CPU
		{40500C48-6B36-4161-89A4-45AF61014EBC}.Release|Any CPU.ActiveCfg = Release|Any CPU
		{40500C48-6B36-4161-89A4-45AF61014EBC}.Release|Any CPU.Build.0 = Release|Any CPU
	EndGlobalSection
	GlobalSection(SolutionProperties) = preSolution
		HideSolutionNode = FALSE
	EndGlobalSection
	GlobalSection(ExtensibilityGlobals) = postSolution
		SolutionGuid = {566A01FE-96D7-494A-9C43-0EB9FBD8F1A2}
	EndGlobalSection
EndGlobal
